
Microsoft Visual Studio Solution File, Format Version 12.00
# Visual Studio Version 16
VisualStudioVersion = 16.0.29609.76
MinimumVisualStudioVersion = 10.0.40219.1
Project("{9A19103F-16F7-4668-BE54-9A1E7A4F7556}") = "Translation", "Translation\Translation.csproj", "{23ACF62F-0992-4E78-9453-55981C893F75}"
EndProject
Project("{9A19103F-16F7-4668-BE54-9A1E7A4F7556}") = "WebCamClient", "WebCamClient\WebCamClient.csproj", "{6991003F-E62D-45A1-AF08-3BF0D2853AD6}"
EndProject
Project("{FAE04EC0-301F-11D3-BF4B-00C04F79EFBC}") = "ConsumerTest", "ConsumerTest\ConsumerTest.csproj", "{7DACC4B2-C8B3-4AB5-8CF5-1173CD1362F8}"
EndProject
Project("{FAE04EC0-301F-11D3-BF4B-00C04F79EFBC}") = "SignalRClient", "SignalRClient\SignalRClient.csproj", "{43C245BC-1392-436B-A273-F392DF45F0D0}"
EndProject
Global
	GlobalSection(SolutionConfigurationPlatforms) = preSolution
		Debug|Any CPU = Debug|Any CPU
		Release|Any CPU = Release|Any CPU
	EndGlobalSection
	GlobalSection(ProjectConfigurationPlatforms) = postSolution
		{23ACF62F-0992-4E78-9453-55981C893F75}.Debug|Any CPU.ActiveCfg = Debug|Any CPU
		{23ACF62F-0992-4E78-9453-55981C893F75}.Debug|Any CPU.Build.0 = Debug|Any CPU
		{23ACF62F-0992-4E78-9453-55981C893F75}.Release|Any CPU.ActiveCfg = Release|Any CPU
		{23ACF62F-0992-4E78-9453-55981C893F75}.Release|Any CPU.Build.0 = Release|Any CPU
		{6991003F-E62D-45A1-AF08-3BF0D2853AD6}.Debug|Any CPU.ActiveCfg = Debug|Any CPU
		{6991003F-E62D-45A1-AF08-3BF0D2853AD6}.Debug|Any CPU.Build.0 = Debug|Any CPU
		{6991003F-E62D-45A1-AF08-3BF0D2853AD6}.Release|Any CPU.ActiveCfg = Release|Any CPU
		{6991003F-E62D-45A1-AF08-3BF0D2853AD6}.Release|Any CPU.Build.0 = Release|Any CPU
		{7DACC4B2-C8B3-4AB5-8CF5-1173CD1362F8}.Debug|Any CPU.ActiveCfg = Debug|Any CPU
		{7DACC4B2-C8B3-4AB5-8CF5-1173CD1362F8}.Debug|Any CPU.Build.0 = Debug|Any CPU
		{7DACC4B2-C8B3-4AB5-8CF5-1173CD1362F8}.Release|Any CPU.ActiveCfg = Release|Any CPU
		{7DACC4B2-C8B3-4AB5-8CF5-1173CD1362F8}.Release|Any CPU.Build.0 = Release|Any CPU
		{43C245BC-1392-436B-A273-F392DF45F0D0}.Debug|Any CPU.ActiveCfg = Debug|Any CPU
		{43C245BC-1392-436B-A273-F392DF45F0D0}.Debug|Any CPU.Build.0 = Debug|Any CPU
		{43C245BC-1392-436B-A273-F392DF45F0D0}.Release|Any CPU.ActiveCfg = Release|Any CPU
		{43C245BC-1392-436B-A273-F392DF45F0D0}.Release|Any CPU.Build.0 = Release|Any CPU
	EndGlobalSection
	GlobalSection(SolutionProperties) = preSolution
		HideSolutionNode = FALSE
	EndGlobalSection
	GlobalSection(ExtensibilityGlobals) = postSolution
		SolutionGuid = {254900EE-DBEA-4506-A1CA-7AA7DE5DDD6A}
	EndGlobalSection
EndGlobal
